Microsoft Visual Studio Solution File, Format Version 12.00
# Visual Studio Version 16
VisualStudioVersion = 16.0.29319.158
MinimumVisualStudioVersion = 10.0.40219.1
Project("{9A19103F-16F7-4668-BE54-9A1E7A4F7556}") = "EmpleaMigrateTool", "EmpleaMigrateTool\EmpleaMigrateTool.csproj", "{4F928A19-94C3-4331-9C2D-9871442579D9}"
EndProject
Project("{2150E333-8FDC-42A3-9474-1A3956D46DE8}") = "Solution Items", "Solution Items", "{2793DEA3-3FDB-4D55-8D30-C30DCB50F98E}"
EndProject
Global
	GlobalSection(SolutionConfigurationPlatforms) = preSolution
		Debug|Any CPU = Debug|Any CPU
		Dev|Any CPU = Dev|Any CPU
		Prod|Any CPU = Prod|Any CPU
		Release|Any CPU = Release|Any CPU
	EndGlobalSection
	GlobalSection(ProjectConfigurationPlatforms) = postSolution
		{4F928A19-94C3-4331-9C2D-9871442579D9}.Debug|Any CPU.ActiveCfg = Debug|Any CPU
		{4F928A19-94C3-4331-9C2D-9871442579D9}.Debug|Any CPU.Build.0 = Debug|Any CPU
		{4F928A19-94C3-4331-9C2D-9871442579D9}.Dev|Any CPU.ActiveCfg = Debug|Any CPU
		{4F928A19-94C3-4331-9C2D-9871442579D9}.Dev|Any CPU.Build.0 = Debug|Any CPU
		{4F928A19-94C3-4331-9C2D-9871442579D9}.Prod|Any CPU.ActiveCfg = Release|Any CPU
		{4F928A19-94C3-4331-9C2D-9871442579D9}.Prod|Any CPU.Build.0 = Release|Any CPU
		{4F928A19-94C3-4331-9C2D-9871442579D9}.Release|Any CPU.ActiveCfg = Release|Any CPU
		{4F928A19-94C3-4331-9C2D-9871442579D9}.Release|Any CPU.Build.0 = Release|Any CPU
	EndGlobalSection
	GlobalSection(SolutionProperties) = preSolution
		HideSolutionNode = FALSE
	EndGlobalSection
	GlobalSection(ExtensibilityGlobals) = postSolution
		SolutionGuid = {AC176F93-CCEC-4117-AFDA-DFBB4620DC51}
	EndGlobalSection
	GlobalSection(MonoDevelopProperties) = preSolution
		Policies = $0
		$0.DotNetNamingPolicy = $1
		$1.DirectoryNamespaceAssociation = PrefixedHierarchical
		$0.TextStylePolicy = $2
		$2.inheritsSet = null
		$2.scope = text/x-csharp
		$0.CSharpFormattingPolicy = $3
		$3.scope = text/x-csharp
		$0.StandardHeader = $4
		$0.VersionControlPolicy = $5
	EndGlobalSection
EndGlobal
